// !$*UTF8*$!
{
	archiveVersion = 1;
	classes = {
	};
	objectVersion = 46;
	objects = {

/* Begin PBXBuildFile section */
		3D92AB4C153FDF050030FBE3 /* UIKit.framework in Frameworks */ = {isa = PBXBuildFile; fileRef = 3D92AB4B153FDF050030FBE3 /* UIKit.framework */; };
		3D92AB4E153FDF050030FBE3 /* Foundation.framework in Frameworks */ = {isa = PBXBuildFile; fileRef = 3D92AB4D153FDF050030FBE3 /* Foundation.framework */; };
		3D92AB50153FDF050030FBE3 /* CoreGraphics.framework in Frameworks */ = {isa = PBXBuildFile; fileRef = 3D92AB4F153FDF050030FBE3 /* CoreGraphics.framework */; };
		3D92AB56153FDF050030FBE3 /* InfoPlist.strings in Resources */ = {isa = PBXBuildFile; fileRef = 3D92AB54153FDF050030FBE3 /* InfoPlist.strings */; };
		3D92AB58153FDF050030FBE3 /* main.m in Sources */ = {isa = PBXBuildFile; fileRef = 3D92AB57153FDF050030FBE3 /* main.m */; };
		3D92AB5C153FDF050030FBE3 /* MwfAppDelegate.m in Sources */ = {isa = PBXBuildFile; fileRef = 3D92AB5B153FDF050030FBE3 /* MwfAppDelegate.m */; };
		3D92AB64153FDF050030FBE3 /* SenTestingKit.framework in Frameworks */ = {isa = PBXBuildFile; fileRef = 3D92AB63153FDF050030FBE3 /* SenTestingKit.framework */; };
		3D92AB65153FDF050030FBE3 /* UIKit.framework in Frameworks */ = {isa = PBXBuildFile; fileRef = 3D92AB4B153FDF050030FBE3 /* UIKit.framework */; };
		3D92AB66153FDF050030FBE3 /* Foundation.framework in Frameworks */ = {isa = PBXBuildFile; fileRef = 3D92AB4D153FDF050030FBE3 /* Foundation.framework */; };
		3D92AB6E153FDF050030FBE3 /* InfoPlist.strings in Resources */ = {isa = PBXBuildFile; fileRef = 3D92AB6C153FDF050030FBE3 /* InfoPlist.strings */; };
		3D92AB88153FE4260030FBE3 /* MwfSwitchViewControllerSpecs.m in Sources */ = {isa = PBXBuildFile; fileRef = 3D92AB87153FE4260030FBE3 /* MwfSwitchViewControllerSpecs.m */; };
		3D92AB8B153FE98F0030FBE3 /* MwfSwitchViewController.m in Sources */ = {isa = PBXBuildFile; fileRef = 3D92AB8A153FE98F0030FBE3 /* MwfSwitchViewController.m */; };
		3D92ABA4154053110030FBE3 /* MwfDemoFirstViewController.m in Sources */ = {isa = PBXBuildFile; fileRef = 3D92ABA2154053110030FBE3 /* MwfDemoFirstViewController.m */; };
		3D92ABA5154053110030FBE3 /* MwfDemoFirstViewController.xib in Resources */ = {isa = PBXBuildFile; fileRef = 3D92ABA3154053110030FBE3 /* MwfDemoFirstViewController.xib */; };
		3D92ABA9154054910030FBE3 /* MwfDemoSecondViewController.m in Sources */ = {isa = PBXBuildFile; fileRef = 3D92ABA7154054900030FBE3 /* MwfDemoSecondViewController.m */; };
		3D92ABAA154054910030FBE3 /* MwfDemoSecondViewController.xib in Resources */ = {isa = PBXBuildFile; fileRef = 3D92ABA8154054900030FBE3 /* MwfDemoSecondViewController.xib */; };
		3D92ABAC1540576C0030FBE3 /* README.md in Resources */ = {isa = PBXBuildFile; fileRef = 3D92ABAB1540576C0030FBE3 /* README.md */; };
		D98B17D967354B82AA81EB98 /* libPods.a in Frameworks */ = {isa = PBXBuildFile; fileRef = FA4B84E9D58341BE9F8FB36E /* libPods.a */; };
		DB5416BE5E6F47B1AB418CF4 /* libPods.a in Frameworks */ = {isa = PBXBuildFile; fileRef = FA4B84E9D58341BE9F8FB36E /* libPods.a */; };
/* End PBXBuildFile section */

/* Begin PBXContainerItemProxy section */
		3D92AB67153FDF050030FBE3 /* PBXContainerItemProxy */ = {
			isa = PBXContainerItemProxy;
			containerPortal = 3D92AB3E153FDF050030FBE3 /* Project object */;
			proxyType = 1;
			remoteGlobalIDString = 3D92AB46153FDF050030FBE3;
			remoteInfo = MwfSwitchViewController;
		};
/* End PBXContainerItemProxy section */

/* Begin PBXFileReference section */
		3D92AB47153FDF050030FBE3 /* MwfSwitchViewController.app */ = {isa = PBXFileReference; explicitFileType = wrapper.application; includeInIndex = 0; path = MwfSwitchViewController.app; sourceTree = BUILT_PRODUCTS_DIR; };
		3D92AB4B153FDF050030FBE3 /* UIKit.framework */ = {isa = PBXFileReference; lastKnownFileType = wrapper.framework; name = UIKit.framework; path = System/Library/Frameworks/UIKit.framework; sourceTree = SDKROOT; };
		3D92AB4D153FDF050030FBE3 /* Foundation.framework */ = {isa = PBXFileReference; lastKnownFileType = wrapper.framework; name = Foundation.framework; path = System/Library/Frameworks/Foundation.framework; sourceTree = SDKROOT; };
		3D92AB4F153FDF050030FBE3 /* CoreGraphics.framework */ = {isa = PBXFileReference; lastKnownFileType = wrapper.framework; name = CoreGraphics.framework; path = System/Library/Frameworks/CoreGraphics.framework; sourceTree = SDKROOT; };
		3D92AB53153FDF050030FBE3 /* MwfSwitchViewController-Info.plist */ = {isa = PBXFileReference; lastKnownFileType = text.plist.xml; path = "MwfSwitchViewController-Info.plist"; sourceTree = "<group>"; };
		3D92AB55153FDF050030FBE3 /* en */ = {isa = PBXFileReference; lastKnownFileType = text.plist.strings; name = en; path = en.lproj/InfoPlist.strings; sourceTree = "<group>"; };
		3D92AB57153FDF050030FBE3 /* main.m */ = {isa = PBXFileReference; lastKnownFileType = sourcecode.c.objc; path = main.m; sourceTree = "<group>"; };
		3D92AB59153FDF050030FBE3 /* MwfSwitchViewController-Prefix.pch */ = {isa = PBXFileReference; lastKnownFileType = sourcecode.c.h; path = "MwfSwitchViewController-Prefix.pch"; sourceTree = "<group>"; };
		3D92AB5A153FDF050030FBE3 /* MwfAppDelegate.h */ = {isa = PBXFileReference; lastKnownFileType = sourcecode.c.h; path = MwfAppDelegate.h; sourceTree = "<group>"; };
		3D92AB5B153FDF050030FBE3 /* MwfAppDelegate.m */ = {isa = PBXFileReference; lastKnownFileType = sourcecode.c.objc; path = MwfAppDelegate.m; sourceTree = "<group>"; };
		3D92AB62153FDF050030FBE3 /* MwfSwitchViewControllerTests.octest */ = {isa = PBXFileReference; explicitFileType = wrapper.cfbundle; includeInIndex = 0; path = MwfSwitchViewControllerTests.octest; sourceTree = BUILT_PRODUCTS_DIR; };
		3D92AB63153FDF050030FBE3 /* SenTestingKit.framework */ = {isa = PBXFileReference; lastKnownFileType = wrapper.framework; name = SenTestingKit.framework; path = Library/Frameworks/SenTestingKit.framework; sourceTree = DEVELOPER_DIR; };
		3D92AB6B153FDF050030FBE3 /* MwfSwitchViewControllerTests-Info.plist */ = {isa = PBXFileReference; lastKnownFileType = text.plist.xml; path = "MwfSwitchViewControllerTests-Info.plist"; sourceTree = "<group>"; };
		3D92AB6D153FDF050030FBE3 /* en */ = {isa = PBXFileReference; lastKnownFileType = text.plist.strings; name = en; path = en.lproj/InfoPlist.strings; sourceTree = "<group>"; };
		3D92AB7D153FDFFA0030FBE3 /* Podfile */ = {isa = PBXFileReference; lastKnownFileType = text; path = Podfile; sourceTree = "<group>"; };
		3D92AB85153FE2760030FBE3 /* SpecHelper.h */ = {isa = PBXFileReference; fileEncoding = 4; lastKnownFileType = sourcecode.c.h; path = SpecHelper.h; sourceTree = "<group>"; };
		3D92AB87153FE4260030FBE3 /* MwfSwitchViewControllerSpecs.m */ = {isa = PBXFileReference; fileEncoding = 4; lastKnownFileType = sourcecode.c.objc; path = MwfSwitchViewControllerSpecs.m; sourceTree = "<group>"; };
		3D92AB89153FE98F0030FBE3 /* MwfSwitchViewController.h */ = {isa = PBXFileReference; fileEncoding = 4; lastKnownFileType = sourcecode.c.h; path = MwfSwitchViewController.h; sourceTree = "<group>"; };
		3D92AB8A153FE98F0030FBE3 /* MwfSwitchViewController.m */ = {isa = PBXFileReference; fileEncoding = 4; lastKnownFileType = sourcecode.c.objc; path = MwfSwitchViewController.m; sourceTree = "<group>"; };
		3D92ABA1154053110030FBE3 /* MwfDemoFirstViewController.h */ = {isa = PBXFileReference; fileEncoding = 4; lastKnownFileType = sourcecode.c.h; path = MwfDemoFirstViewController.h; sourceTree = "<group>"; };
		3D92ABA2154053110030FBE3 /* MwfDemoFirstViewController.m */ = {isa = PBXFileReference; fileEncoding = 4; lastKnownFileType = sourcecode.c.objc; path = MwfDemoFirstViewController.m; sourceTree = "<group>"; };
		3D92ABA3154053110030FBE3 /* MwfDemoFirstViewController.xib */ = {isa = PBXFileReference; fileEncoding = 4; lastKnownFileType = file.xib; path = MwfDemoFirstViewController.xib; sourceTree = "<group>"; };
		3D92ABA6154054900030FBE3 /* MwfDemoSecondViewController.h */ = {isa = PBXFileReference; fileEncoding = 4; lastKnownFileType = sourcecode.c.h; path = MwfDemoSecondViewController.h; sourceTree = "<group>"; };
		3D92ABA7154054900030FBE3 /* MwfDemoSecondViewController.m */ = {isa = PBXFileReference; fileEncoding = 4; lastKnownFileType = sourcecode.c.objc; path = MwfDemoSecondViewController.m; sourceTree = "<group>"; };
		3D92ABA8154054900030FBE3 /* MwfDemoSecondViewController.xib */ = {isa = PBXFileReference; fileEncoding = 4; lastKnownFileType = file.xib; path = MwfDemoSecondViewController.xib; sourceTree = "<group>"; };
		3D92ABAB1540576C0030FBE3 /* README.md */ = {isa = PBXFileReference; fileEncoding = 4; lastKnownFileType = text; path = README.md; sourceTree = "<group>"; };
		9906A65981A1469B9FA0DD0D /* Pods.xcconfig */ = {isa = PBXFileReference; lastKnownFileType = text.xcconfig; name = Pods.xcconfig; path = Pods/Pods.xcconfig; sourceTree = SOURCE_ROOT; };
		FA4B84E9D58341BE9F8FB36E /* libPods.a */ = {isa = PBXFileReference; explicitFileType = archive.ar; includeInIndex = 0; path = libPods.a; sourceTree = BUILT_PRODUCTS_DIR; };
/* End PBXFileReference section */

/* Begin PBXFrameworksBuildPhase section */
		3D92AB44153FDF050030FBE3 /* Frameworks */ = {
			isa = PBXFrameworksBuildPhase;
			buildActionMask = 2147483647;
			files = (
				3D92AB4C153FDF050030FBE3 /* UIKit.framework in Frameworks */,
				3D92AB4E153FDF050030FBE3 /* Foundation.framework in Frameworks */,
				3D92AB50153FDF050030FBE3 /* CoreGraphics.framework in Frameworks */,
				DB5416BE5E6F47B1AB418CF4 /* libPods.a in Frameworks */,
			);
			runOnlyForDeploymentPostprocessing = 0;
		};
		3D92AB5E153FDF050030FBE3 /* Frameworks */ = {
			isa = PBXFrameworksBuildPhase;
			buildActionMask = 2147483647;
			files = (
				3D92AB64153FDF050030FBE3 /* SenTestingKit.framework in Frameworks */,
				3D92AB65153FDF050030FBE3 /* UIKit.framework in Frameworks */,
				3D92AB66153FDF050030FBE3 /* Foundation.framework in Frameworks */,
				D98B17D967354B82AA81EB98 /* libPods.a in Frameworks */,
			);
			runOnlyForDeploymentPostprocessing = 0;
		};
/* End PBXFrameworksBuildPhase section */

/* Begin PBXGroup section */
		3D92AB3C153FDF050030FBE3 = {
			isa = PBXGroup;
			children = (
				3D92ABAB1540576C0030FBE3 /* README.md */,
				3D92AB7D153FDFFA0030FBE3 /* Podfile */,
				3D92AB51153FDF050030FBE3 /* main */,
				3D92AB69153FDF050030FBE3 /* test */,
				3D92AB4A153FDF050030FBE3 /* Frameworks */,
				3D92AB48153FDF050030FBE3 /* Products */,
				9906A65981A1469B9FA0DD0D /* Pods.xcconfig */,
			);
			sourceTree = "<group>";
		};
		3D92AB48153FDF050030FBE3 /* Products */ = {
			isa = PBXGroup;
			children = (
				3D92AB47153FDF050030FBE3 /* MwfSwitchViewController.app */,
				3D92AB62153FDF050030FBE3 /* MwfSwitchViewControllerTests.octest */,
			);
			name = Products;
			sourceTree = "<group>";
		};
		3D92AB4A153FDF050030FBE3 /* Frameworks */ = {
			isa = PBXGroup;
			children = (
				3D92AB4B153FDF050030FBE3 /* UIKit.framework */,
				3D92AB4D153FDF050030FBE3 /* Foundation.framework */,
				3D92AB4F153FDF050030FBE3 /* CoreGraphics.framework */,
				3D92AB63153FDF050030FBE3 /* SenTestingKit.framework */,
				FA4B84E9D58341BE9F8FB36E /* libPods.a */,
			);
			name = Frameworks;
			sourceTree = "<group>";
		};
		3D92AB51153FDF050030FBE3 /* main */ = {
			isa = PBXGroup;
			children = (
				3D92AB7C153FDFE50030FBE3 /* lib */,
				3D92AB5A153FDF050030FBE3 /* MwfAppDelegate.h */,
				3D92AB5B153FDF050030FBE3 /* MwfAppDelegate.m */,
				3D92AB52153FDF050030FBE3 /* Supporting Files */,
				3D92ABA1154053110030FBE3 /* MwfDemoFirstViewController.h */,
				3D92ABA2154053110030FBE3 /* MwfDemoFirstViewController.m */,
				3D92ABA3154053110030FBE3 /* MwfDemoFirstViewController.xib */,
				3D92ABA6154054900030FBE3 /* MwfDemoSecondViewController.h */,
				3D92ABA7154054900030FBE3 /* MwfDemoSecondViewController.m */,
				3D92ABA8154054900030FBE3 /* MwfDemoSecondViewController.xib */,
			);
			path = main;
			sourceTree = "<group>";
		};
		3D92AB52153FDF050030FBE3 /* Supporting Files */ = {
			isa = PBXGroup;
			children = (
				3D92AB53153FDF050030FBE3 /* MwfSwitchViewController-Info.plist */,
				3D92AB54153FDF050030FBE3 /* InfoPlist.strings */,
				3D92AB57153FDF050030FBE3 /* main.m */,
				3D92AB59153FDF050030FBE3 /* MwfSwitchViewController-Prefix.pch */,
			);
			name = "Supporting Files";
			sourceTree = "<group>";
		};
		3D92AB69153FDF050030FBE3 /* test */ = {
			isa = PBXGroup;
			children = (
				3D92AB6A153FDF050030FBE3 /* Supporting Files */,
				3D92AB85153FE2760030FBE3 /* SpecHelper.h */,
				3D92AB87153FE4260030FBE3 /* MwfSwitchViewControllerSpecs.m */,
			);
			path = test;
			sourceTree = "<group>";
		};
		3D92AB6A153FDF050030FBE3 /* Supporting Files */ = {
			isa = PBXGroup;
			children = (
				3D92AB6B153FDF050030FBE3 /* MwfSwitchViewControllerTests-Info.plist */,
				3D92AB6C153FDF050030FBE3 /* InfoPlist.strings */,
			);
			name = "Supporting Files";
			sourceTree = "<group>";
		};
		3D92AB7C153FDFE50030FBE3 /* lib */ = {
			isa = PBXGroup;
			children = (
				3D92AB89153FE98F0030FBE3 /* MwfSwitchViewController.h */,
				3D92AB8A153FE98F0030FBE3 /* MwfSwitchViewController.m */,
			);
			path = lib;
			sourceTree = "<group>";
		};
/* End PBXGroup section */

/* Begin PBXNativeTarget section */
		3D92AB46153FDF050030FBE3 /* MwfSwitchViewController */ = {
			isa = PBXNativeTarget;
			buildConfigurationList = 3D92AB74153FDF050030FBE3 /* Build configuration list for PBXNativeTarget "MwfSwitchViewController" */;
			buildPhases = (
				3D92AB43153FDF050030FBE3 /* Sources */,
				3D92AB44153FDF050030FBE3 /* Frameworks */,
				3D92AB45153FDF050030FBE3 /* Resources */,
				E99E0ECD3B814A0F973547DA /* Copy Pods Resources */,
			);
			buildRules = (
			);
			dependencies = (
			);
			name = MwfSwitchViewController;
			productName = MwfSwitchViewController;
			productReference = 3D92AB47153FDF050030FBE3 /* MwfSwitchViewController.app */;
			productType = "com.apple.product-type.application";
		};
		3D92AB61153FDF050030FBE3 /* MwfSwitchViewControllerTests */ = {
			isa = PBXNativeTarget;
			buildConfigurationList = 3D92AB77153FDF050030FBE3 /* Build configuration list for PBXNativeTarget "MwfSwitchViewControllerTests" */;
			buildPhases = (
				3D92AB5D153FDF050030FBE3 /* Sources */,
				3D92AB5E153FDF050030FBE3 /* Frameworks */,
				3D92AB5F153FDF050030FBE3 /* Resources */,
				3D92AB60153FDF050030FBE3 /* ShellScript */,
				E99E0ECD3B814A0F973547DA /* Copy Pods Resources */,
			);
			buildRules = (
			);
			dependencies = (
				3D92AB68153FDF050030FBE3 /* PBXTargetDependency */,
			);
			name = MwfSwitchViewControllerTests;
			productName = MwfSwitchViewControllerTests;
			productReference = 3D92AB62153FDF050030FBE3 /* MwfSwitchViewControllerTests.octest */;
			productType = "com.apple.product-type.bundle";
		};
/* End PBXNativeTarget section */

/* Begin PBXProject section */
		3D92AB3E153FDF050030FBE3 /* Project object */ = {
			isa = PBXProject;
			attributes = {
				CLASSPREFIX = Mwf;
				LastUpgradeCheck = 0430;
				ORGANIZATIONNAME = "";
			};
			buildConfigurationList = 3D92AB41153FDF050030FBE3 /* Build configuration list for PBXProject "MwfSwitchViewController" */;
			compatibilityVersion = "Xcode 3.2";
			developmentRegion = English;
			hasScannedForEncodings = 0;
			knownRegions = (
				en,
			);
			mainGroup = 3D92AB3C153FDF050030FBE3;
			productRefGroup = 3D92AB48153FDF050030FBE3 /* Products */;
			projectDirPath = "";
			projectRoot = "";
			targets = (
				3D92AB46153FDF050030FBE3 /* MwfSwitchViewController */,
				3D92AB61153FDF050030FBE3 /* MwfSwitchViewControllerTests */,
			);
		};
/* End PBXProject section */

/* Begin PBXResourcesBuildPhase section */
		3D92AB45153FDF050030FBE3 /* Resources */ = {
			isa = PBXResourcesBuildPhase;
			buildActionMask = 2147483647;
			files = (
				3D92AB56153FDF050030FBE3 /* InfoPlist.strings in Resources */,
				3D92ABA5154053110030FBE3 /* MwfDemoFirstViewController.xib in Resources */,
				3D92ABAA154054910030FBE3 /* MwfDemoSecondViewController.xib in Resources */,
				3D92ABAC1540576C0030FBE3 /* README.md in Resources */,
			);
			runOnlyForDeploymentPostprocessing = 0;
		};
		3D92AB5F153FDF050030FBE3 /* Resources */ = {
			isa = PBXResourcesBuildPhase;
			buildActionMask = 2147483647;
			files = (
				3D92AB6E153FDF050030FBE3 /* InfoPlist.strings in Resources */,
			);
			runOnlyForDeploymentPostprocessing = 0;
		};
/* End PBXResourcesBuildPhase section */

/* Begin PBXShellScriptBuildPhase section */
		3D92AB60153FDF050030FBE3 /* ShellScript */ = {
			isa = PBXShellScriptBuildPhase;
			buildActionMask = 2147483647;
			files = (
			);
			inputPaths = (
			);
			outputPaths = (
			);
			runOnlyForDeploymentPostprocessing = 0;
			shellPath = /bin/sh;
			shellScript = "# Run the unit tests in this test bundle.\n\"${SYSTEM_DEVELOPER_DIR}/Tools/RunUnitTests\"\n";
		};
		E99E0ECD3B814A0F973547DA /* Copy Pods Resources */ = {
			isa = PBXShellScriptBuildPhase;
			buildActionMask = 2147483647;
			files = (
			);
			inputPaths = (
			);
			name = "Copy Pods Resources";
			outputPaths = (
			);
			runOnlyForDeploymentPostprocessing = 0;
			shellPath = /bin/sh;
			shellScript = "\"${SRCROOT}/Pods/Pods-resources.sh\"\n";
		};
/* End PBXShellScriptBuildPhase section */

/* Begin PBXSourcesBuildPhase section */
		3D92AB43153FDF050030FBE3 /* Sources */ = {
			isa = PBXSourcesBuildPhase;
			buildActionMask = 2147483647;
			files = (
				3D92AB58153FDF050030FBE3 /* main.m in Sources */,
				3D92AB5C153FDF050030FBE3 /* MwfAppDelegate.m in Sources */,
				3D92AB8B153FE98F0030FBE3 /* MwfSwitchViewController.m in Sources */,
				3D92ABA4154053110030FBE3 /* MwfDemoFirstViewController.m in Sources */,
				3D92ABA9154054910030FBE3 /* MwfDemoSecondViewController.m in Sources */,
			);
			runOnlyForDeploymentPostprocessing = 0;
		};
		3D92AB5D153FDF050030FBE3 /* Sources */ = {
			isa = PBXSourcesBuildPhase;
			buildActionMask = 2147483647;
			files = (
				3D92AB88153FE4260030FBE3 /* MwfSwitchViewControllerSpecs.m in Sources */,
			);
			runOnlyForDeploymentPostprocessing = 0;
		};
/* End PBXSourcesBuildPhase section */

/* Begin PBXTargetDependency section */
		3D92AB68153FDF050030FBE3 /* PBXTargetDependency */ = {
			isa = PBXTargetDependency;
			target = 3D92AB46153FDF050030FBE3 /* MwfSwitchViewController */;
			targetProxy = 3D92AB67153FDF050030FBE3 /* PBXContainerItemProxy */;
		};
/* End PBXTargetDependency section */

/* Begin PBXVariantGroup section */
		3D92AB54153FDF050030FBE3 /* InfoPlist.strings */ = {
			isa = PBXVariantGroup;
			children = (
				3D92AB55153FDF050030FBE3 /* en */,
			);
			name = InfoPlist.strings;
			sourceTree = "<group>";
		};
		3D92AB6C153FDF050030FBE3 /* InfoPlist.strings */ = {
			isa = PBXVariantGroup;
			children = (
				3D92AB6D153FDF050030FBE3 /* en */,
			);
			name = InfoPlist.strings;
			sourceTree = "<group>";
		};
/* End PBXVariantGroup section */

/* Begin XCBuildConfiguration section */
		3D92AB72153FDF050030FBE3 /* Debug */ = {
			isa = XCBuildConfiguration;
			buildSettings = {
				ALWAYS_SEARCH_USER_PATHS = NO;
				ARCHS = "$(ARCHS_STANDARD_32_BIT)";
				CLANG_ENABLE_OBJC_ARC = YES;
				"CODE_SIGN_IDENTITY[sdk=iphoneos*]" = "iPhone Developer";
				COPY_PHASE_STRIP = NO;
				GCC_C_LANGUAGE_STANDARD = gnu99;
				GCC_DYNAMIC_NO_PIC = NO;
				GCC_OPTIMIZATION_LEVEL = 0;
				GCC_PREPROCESSOR_DEFINITIONS = (
					"DEBUG=1",
					"$(inherited)",
				);
				GCC_SYMBOLS_PRIVATE_EXTERN = NO;
				GCC_VERSION = com.apple.compilers.llvm.clang.1_0;
				GCC_WARN_ABOUT_RETURN_TYPE = YES;
				GCC_WARN_UNINITIALIZED_AUTOS = YES;
				GCC_WARN_UNUSED_VARIABLE = YES;
				IPHONEOS_DEPLOYMENT_TARGET = 5.1;
				SDKROOT = iphoneos;
			};
			name = Debug;
		};
		3D92AB73153FDF050030FBE3 /* Release */ = {
			isa = XCBuildConfiguration;
			buildSettings = {
				ALWAYS_SEARCH_USER_PATHS = NO;
				ARCHS = "$(ARCHS_STANDARD_32_BIT)";
				CLANG_ENABLE_OBJC_ARC = YES;
				"CODE_SIGN_IDENTITY[sdk=iphoneos*]" = "iPhone Developer";
				COPY_PHASE_STRIP = YES;
				GCC_C_LANGUAGE_STANDARD = gnu99;
				GCC_VERSION = com.apple.compilers.llvm.clang.1_0;
				GCC_WARN_ABOUT_RETURN_TYPE = YES;
				GCC_WARN_UNINITIALIZED_AUTOS = YES;
				GCC_WARN_UNUSED_VARIABLE = YES;
				IPHONEOS_DEPLOYMENT_TARGET = 5.1;
				OTHER_CFLAGS = "-DNS_BLOCK_ASSERTIONS=1";
				SDKROOT = iphoneos;
				VALIDATE_PRODUCT = YES;
			};
			name = Release;
		};
		3D92AB75153FDF050030FBE3 /* Debug */ = {
			isa = XCBuildConfiguration;
			buildSettings = {
				DSTROOT = /tmp/xcodeproj.dst;
				GCC_PRECOMPILE_PREFIX_HEADER = YES;
				GCC_PREFIX_HEADER = "main/MwfSwitchViewController-Prefix.pch";
				GCC_VERSION = com.apple.compilers.llvm.clang.1_0;
				INFOPLIST_FILE = "main/MwfSwitchViewController-Info.plist";
				PRODUCT_NAME = "$(TARGET_NAME)";
				SKIP_INSTALL = YES;
				WRAPPER_EXTENSION = app;
			};
			name = Debug;
		};
		3D92AB76153FDF050030FBE3 /* Release */ = {
			isa = XCBuildConfiguration;
			buildSettings = {
				DSTROOT = /tmp/xcodeproj.dst;
				GCC_PRECOMPILE_PREFIX_HEADER = YES;
				GCC_PREFIX_HEADER = "main/MwfSwitchViewController-Prefix.pch";
				GCC_VERSION = com.apple.compilers.llvm.clang.1_0;
				INFOPLIST_FILE = "main/MwfSwitchViewController-Info.plist";
				PRODUCT_NAME = "$(TARGET_NAME)";
				SKIP_INSTALL = YES;
				WRAPPER_EXTENSION = app;
			};
			name = Release;
		};
		3D92AB78153FDF050030FBE3 /* Debug */ = {
			isa = XCBuildConfiguration;
			baseConfigurationReference = 9906A65981A1469B9FA0DD0D /* Pods.xcconfig */;
			buildSettings = {
				BUNDLE_LOADER = "$(BUILT_PRODUCTS_DIR)/MwfSwitchViewController.app/MwfSwitchViewController";
				DSTROOT = /tmp/xcodeproj.dst;
				FRAMEWORK_SEARCH_PATHS = (
					"$(SDKROOT)/Developer/Library/Frameworks",
					"$(DEVELOPER_LIBRARY_DIR)/Frameworks",
				);
				GCC_PRECOMPILE_PREFIX_HEADER = YES;
				GCC_PREFIX_HEADER = "main/MwfSwitchViewController-Prefix.pch";
				GCC_VERSION = com.apple.compilers.llvm.clang.1_0;
				INFOPLIST_FILE = "test/MwfSwitchViewControllerTests-Info.plist";
				PRODUCT_NAME = "$(TARGET_NAME)";
				SKIP_INSTALL = YES;
				TEST_HOST = "$(BUNDLE_LOADER)";
				WRAPPER_EXTENSION = octest;
			};
			name = Debug;
		};
		3D92AB79153FDF050030FBE3 /* Release */ = {
			isa = XCBuildConfiguration;
			baseConfigurationReference = 9906A65981A1469B9FA0DD0D /* Pods.xcconfig */;
			buildSettings = {
				BUNDLE_LOADER = "$(BUILT_PRODUCTS_DIR)/MwfSwitchViewController.app/MwfSwitchViewController";
				DSTROOT = /tmp/xcodeproj.dst;
				FRAMEWORK_SEARCH_PATHS = (
					"$(SDKROOT)/Developer/Library/Frameworks",
					"$(DEVELOPER_LIBRARY_DIR)/Frameworks",
				);
				GCC_PRECOMPILE_PREFIX_HEADER = YES;
				GCC_PREFIX_HEADER = "main/MwfSwitchViewController-Prefix.pch";
				GCC_VERSION = com.apple.compilers.llvm.clang.1_0;
				INFOPLIST_FILE = "test/MwfSwitchViewControllerTests-Info.plist";
				PRODUCT_NAME = "$(TARGET_NAME)";
				SKIP_INSTALL = YES;
				TEST_HOST = "$(BUNDLE_LOADER)";
				WRAPPER_EXTENSION = octest;
			};
			name = Release;
		};
		3D92AB9A15404D170030FBE3 /* Test */ = {
			isa = XCBuildConfiguration;
			buildSettings = {
				ALWAYS_SEARCH_USER_PATHS = NO;
				ARCHS = "$(ARCHS_STANDARD_32_BIT)";
				CLANG_ENABLE_OBJC_ARC = YES;
				"CODE_SIGN_IDENTITY[sdk=iphoneos*]" = "iPhone Developer";
				COPY_PHASE_STRIP = NO;
				GCC_C_LANGUAGE_STANDARD = gnu99;
				GCC_DYNAMIC_NO_PIC = NO;
				GCC_OPTIMIZATION_LEVEL = 0;
				GCC_PREPROCESSOR_DEFINITIONS = (
					"DEBUG=1",
					"$(inherited)",
					"TEST=1",
				);
				GCC_SYMBOLS_PRIVATE_EXTERN = NO;
				GCC_VERSION = com.apple.compilers.llvm.clang.1_0;
				GCC_WARN_ABOUT_RETURN_TYPE = YES;
				GCC_WARN_UNINITIALIZED_AUTOS = YES;
				GCC_WARN_UNUSED_VARIABLE = YES;
				IPHONEOS_DEPLOYMENT_TARGET = 5.1;
				SDKROOT = iphoneos;
			};
			name = Test;
		};
		3D92AB9B15404D170030FBE3 /* Test */ = {
			isa = XCBuildConfiguration;
			buildSettings = {
				DSTROOT = /tmp/xcodeproj.dst;
				GCC_PRECOMPILE_PREFIX_HEADER = YES;
				GCC_PREFIX_HEADER = "main/MwfSwitchViewController-Prefix.pch";
				GCC_VERSION = com.apple.compilers.llvm.clang.1_0;
				INFOPLIST_FILE = "main/MwfSwitchViewController-Info.plist";
				PRODUCT_NAME = "$(TARGET_NAME)";
				SKIP_INSTALL = YES;
				WRAPPER_EXTENSION = app;
			};
			name = Test;
		};
		3D92AB9C15404D170030FBE3 /* Test */ = {
			isa = XCBuildConfiguration;
			baseConfigurationReference = 9906A65981A1469B9FA0DD0D /* Pods.xcconfig */;
			buildSettings = {
				BUNDLE_LOADER = "$(BUILT_PRODUCTS_DIR)/MwfSwitchViewController.app/MwfSwitchViewController";
				DSTROOT = /tmp/xcodeproj.dst;
				FRAMEWORK_SEARCH_PATHS = (
					"$(SDKROOT)/Developer/Library/Frameworks",
					"$(DEVELOPER_LIBRARY_DIR)/Frameworks",
				);
				GCC_PRECOMPILE_PREFIX_HEADER = YES;
				GCC_PREFIX_HEADER = "main/MwfSwitchViewController-Prefix.pch";
				GCC_VERSION = com.apple.compilers.llvm.clang.1_0;
				INFOPLIST_FILE = "test/MwfSwitchViewControllerTests-Info.plist";
				PRODUCT_NAME = "$(TARGET_NAME)";
				SKIP_INSTALL = YES;
				TEST_HOST = "$(BUNDLE_LOADER)";
				WRAPPER_EXTENSION = octest;
			};
			name = Test;
		};
/* End XCBuildConfiguration section */

/* Begin XCConfigurationList section */
		3D92AB41153FDF050030FBE3 /* Build configuration list for PBXProject "MwfSwitchViewController" */ = {
			isa = XCConfigurationList;
			buildConfigurations = (
				3D92AB72153FDF050030FBE3 /* Debug */,
				3D92AB9A15404D170030FBE3 /* Test */,
				3D92AB73153FDF050030FBE3 /* Release */,
			);
			defaultConfigurationIsVisible = 0;
			defaultConfigurationName = Release;
		};
		3D92AB74153FDF050030FBE3 /* Build configuration list for PBXNativeTarget "MwfSwitchViewController" */ = {
			isa = XCConfigurationList;
			buildConfigurations = (
				3D92AB75153FDF050030FBE3 /* Debug */,
				3D92AB9B15404D170030FBE3 /* Test */,
				3D92AB76153FDF050030FBE3 /* Release */,
			);
			defaultConfigurationIsVisible = 0;
			defaultConfigurationName = Release;
		};
		3D92AB77153FDF050030FBE3 /* Build configuration list for PBXNativeTarget "MwfSwitchViewControllerTests" */ = {
			isa = XCConfigurationList;
			buildConfigurations = (
				3D92AB78153FDF050030FBE3 /* Debug */,
				3D92AB9C15404D170030FBE3 /* Test */,
				3D92AB79153FDF050030FBE3 /* Release */,
			);
			defaultConfigurationIsVisible = 0;
			defaultConfigurationName = Release;
		};
/* End XCConfigurationList section */
	};
	rootObject = 3D92AB3E153FDF050030FBE3 /* Project object */;
}
